// !$*UTF8*$!
{
	archiveVersion = 1;
	classes = {
	};
	objectVersion = 46;
	objects = {

/* Begin PBXBuildFile section */
		C85CEF641DDA36AE002EA261 /* ChecklistViewController.swift in Sources */ = {isa = PBXBuildFile; fileRef = C85CEF631DDA36AE002EA261 /* ChecklistViewController.swift */; };
		C85CEF661DDA5950002EA261 /* ChecklistItem.swift in Sources */ = {isa = PBXBuildFile; fileRef = C85CEF651DDA5950002EA261 /* ChecklistItem.swift */; };
		C88D79E21DDE469800AF17D5 /* AddItemViewController.swift in Sources */ = {isa = PBXBuildFile; fileRef = C88D79E11DDE469800AF17D5 /* AddItemViewController.swift */; };
		C8D29F7F1DF71D0700B32BAA /* ListDetailViewController.swift in Sources */ = {isa = PBXBuildFile; fileRef = C8D29F7E1DF71D0700B32BAA /* ListDetailViewController.swift */; };
		C8E45D4D1DF498E00031E4D7 /* AllListsViewController.swift in Sources */ = {isa = PBXBuildFile; fileRef = C8E45D4C1DF498E00031E4D7 /* AllListsViewController.swift */; };
		C8E45D4F1DF49EF60031E4D7 /* Checklist.swift in Sources */ = {isa = PBXBuildFile; fileRef = C8E45D4E1DF49EF60031E4D7 /* Checklist.swift */; };
		C8F3D0B41DD908A800D8E97E /* AppDelegate.swift in Sources */ = {isa = PBXBuildFile; fileRef = C8F3D0B31DD908A800D8E97E /* AppDelegate.swift */; };
		C8F3D0B91DD908A800D8E97E /* Main.storyboard in Resources */ = {isa = PBXBuildFile; fileRef = C8F3D0B71DD908A800D8E97E /* Main.storyboard */; };
		C8F3D0BB1DD908A800D8E97E /* Assets.xcassets in Resources */ = {isa = PBXBuildFile; fileRef = C8F3D0BA1DD908A800D8E97E /* Assets.xcassets */; };
		C8F3D0BE1DD908A800D8E97E /* LaunchScreen.storyboard in Resources */ = {isa = PBXBuildFile; fileRef = C8F3D0BC1DD908A800D8E97E /* LaunchScreen.storyboard */; };
/* End PBXBuildFile section */

/* Begin PBXFileReference section */
		C85CEF631DDA36AE002EA261 /* ChecklistViewController.swift */ = {isa = PBXFileReference; fileEncoding = 4; lastKnownFileType = sourcecode.swift; path = ChecklistViewController.swift; sourceTree = "<group>"; };
		C85CEF651DDA5950002EA261 /* ChecklistItem.swift */ = {isa = PBXFileReference; fileEncoding = 4; lastKnownFileType = sourcecode.swift; path = ChecklistItem.swift; sourceTree = "<group>"; };
		C88D79E11DDE469800AF17D5 /* AddItemViewController.swift */ = {isa = PBXFileReference; fileEncoding = 4; lastKnownFileType = sourcecode.swift; path = AddItemViewController.swift; sourceTree = "<group>"; };
		C8D29F7E1DF71D0700B32BAA /* ListDetailViewController.swift */ = {isa = PBXFileReference; fileEncoding = 4; lastKnownFileType = sourcecode.swift; path = ListDetailViewController.swift; sourceTree = "<group>"; };
		C8E45D4C1DF498E00031E4D7 /* AllListsViewController.swift */ = {isa = PBXFileReference; fileEncoding = 4; lastKnownFileType = sourcecode.swift; path = AllListsViewController.swift; sourceTree = "<group>"; };
		C8E45D4E1DF49EF60031E4D7 /* Checklist.swift */ = {isa = PBXFileReference; fileEncoding = 4; lastKnownFileType = sourcecode.swift; path = Checklist.swift; sourceTree = "<group>"; };
		C8F3D0B01DD908A800D8E97E /* naukaTableView.app */ = {isa = PBXFileReference; explicitFileType = wrapper.application; includeInIndex = 0; path = naukaTableView.app; sourceTree = BUILT_PRODUCTS_DIR; };
		C8F3D0B31DD908A800D8E97E /* AppDelegate.swift */ = {isa = PBXFileReference; lastKnownFileType = sourcecode.swift; path = AppDelegate.swift; sourceTree = "<group>"; };
		C8F3D0B81DD908A800D8E97E /* Base */ = {isa = PBXFileReference; lastKnownFileType = file.storyboard; name = Base; path = Base.lproj/Main.storyboard; sourceTree = "<group>"; };
		C8F3D0BA1DD908A800D8E97E /* Assets.xcassets */ = {isa = PBXFileReference; lastKnownFileType = folder.assetcatalog; path = Assets.xcassets; sourceTree = "<group>"; };
		C8F3D0BD1DD908A800D8E97E /* Base */ = {isa = PBXFileReference; lastKnownFileType = file.storyboard; name = Base; path = Base.lproj/LaunchScreen.storyboard; sourceTree = "<group>"; };
		C8F3D0BF1DD908A800D8E97E /* Info.plist */ = {isa = PBXFileReference; lastKnownFileType = text.plist.xml; path = Info.plist; sourceTree = "<group>"; };
/* End PBXFileReference section */

/* Begin PBXFrameworksBuildPhase section */
		C8F3D0AD1DD908A700D8E97E /* Frameworks */ = {
			isa = PBXFrameworksBuildPhase;
			buildActionMask = 2147483647;
			files = (
			);
			runOnlyForDeploymentPostprocessing = 0;
		};
/* End PBXFrameworksBuildPhase section */

/* Begin PBXGroup section */
		C8F3D0A71DD908A700D8E97E = {
			isa = PBXGroup;
			children = (
				C8F3D0B21DD908A800D8E97E /* naukaTableView */,
				C8F3D0B11DD908A800D8E97E /* Products */,
			);
			sourceTree = "<group>";
		};
		C8F3D0B11DD908A800D8E97E /* Products */ = {
			isa = PBXGroup;
			children = (
				C8F3D0B01DD908A800D8E97E /* naukaTableView.app */,
			);
			name = Products;
			sourceTree = "<group>";
		};
		C8F3D0B21DD908A800D8E97E /* naukaTableView */ = {
			isa = PBXGroup;
			children = (
				C8F3D0B31DD908A800D8E97E /* AppDelegate.swift */,
				C8E45D4C1DF498E00031E4D7 /* AllListsViewController.swift */,
				C8D29F7E1DF71D0700B32BAA /* ListDetailViewController.swift */,
				C8E45D4E1DF49EF60031E4D7 /* Checklist.swift */,
				C85CEF631DDA36AE002EA261 /* ChecklistViewController.swift */,
				C88D79E11DDE469800AF17D5 /* AddItemViewController.swift */,
				C85CEF651DDA5950002EA261 /* ChecklistItem.swift */,
				C8F3D0B71DD908A800D8E97E /* Main.storyboard */,
				C8F3D0BA1DD908A800D8E97E /* Assets.xcassets */,
				C8F3D0BC1DD908A800D8E97E /* LaunchScreen.storyboard */,
				C8F3D0BF1DD908A800D8E97E /* Info.plist */,
			);
			path = naukaTableView;
			sourceTree = "<group>";
		};
/* End PBXGroup section */

/* Begin PBXNativeTarget section */
		C8F3D0AF1DD908A700D8E97E /* naukaTableView */ = {
			isa = PBXNativeTarget;
			buildConfigurationList = C8F3D0C21DD908A800D8E97E /* Build configuration list for PBXNativeTarget "naukaTableView" */;
			buildPhases = (
				C8F3D0AC1DD908A700D8E97E /* Sources */,
				C8F3D0AD1DD908A700D8E97E /* Frameworks */,
				C8F3D0AE1DD908A700D8E97E /* Resources */,
			);
			buildRules = (
			);
			dependencies = (
			);
			name = naukaTableView;
			productName = naukaTableView;
			productReference = C8F3D0B01DD908A800D8E97E /* naukaTableView.app */;
			productType = "com.apple.product-type.application";
		};
/* End PBXNativeTarget section */

/* Begin PBXProject section */
		C8F3D0A81DD908A700D8E97E /* Project object */ = {
			isa = PBXProject;
			attributes = {
				LastSwiftUpdateCheck = 0800;
				LastUpgradeCheck = 0810;
				ORGANIZATIONNAME = "Paweł Liczmański";
				TargetAttributes = {
					C8F3D0AF1DD908A700D8E97E = {
						CreatedOnToolsVersion = 8.0;
						DevelopmentTeam = DBAJNSTG63;
						ProvisioningStyle = Automatic;
					};
				};
			};
			buildConfigurationList = C8F3D0AB1DD908A700D8E97E /* Build configuration list for PBXProject "naukaTableView" */;
			compatibilityVersion = "Xcode 3.2";
			developmentRegion = English;
			hasScannedForEncodings = 0;
			knownRegions = (
				en,
				Base,
			);
			mainGroup = C8F3D0A71DD908A700D8E97E;
			productRefGroup = C8F3D0B11DD908A800D8E97E /* Products */;
			projectDirPath = "";
			projectRoot = "";
			targets = (
				C8F3D0AF1DD908A700D8E97E /* naukaTableView */,
			);
		};
/* End PBXProject section */

/* Begin PBXResourcesBuildPhase section */
		C8F3D0AE1DD908A700D8E97E /* Resources */ = {
			isa = PBXResourcesBuildPhase;
			buildActionMask = 2147483647;
			files = (
				C8F3D0BE1DD908A800D8E97E /* LaunchScreen.storyboard in Resources */,
				C8F3D0BB1DD908A800D8E97E /* Assets.xcassets in Resources */,
				C8F3D0B91DD908A800D8E97E /* Main.storyboard in Resources */,
			);
			runOnlyForDeploymentPostprocessing = 0;
		};
/* End PBXResourcesBuildPhase section */

/* Begin PBXSourcesBuildPhase section */
		C8F3D0AC1DD908A700D8E97E /* Sources */ = {
			isa = PBXSourcesBuildPhase;
			buildActionMask = 2147483647;
			files = (
				C8F3D0B41DD908A800D8E97E /* AppDelegate.swift in Sources */,
				C8D29F7F1DF71D0700B32BAA /* ListDetailViewController.swift in Sources */,
				C88D79E21DDE469800AF17D5 /* AddItemViewController.swift in Sources */,
				C8E45D4F1DF49EF60031E4D7 /* Checklist.swift in Sources */,
				C85CEF661DDA5950002EA261 /* ChecklistItem.swift in Sources */,
				C8E45D4D1DF498E00031E4D7 /* AllListsViewController.swift in Sources */,
				C85CEF641DDA36AE002EA261 /* ChecklistViewController.swift in Sources */,
			);
			runOnlyForDeploymentPostprocessing = 0;
		};
/* End PBXSourcesBuildPhase section */

/* Begin PBXVariantGroup section */
		C8F3D0B71DD908A800D8E97E /* Main.storyboard */ = {
			isa = PBXVariantGroup;
			children = (
				C8F3D0B81DD908A800D8E97E /* Base */,
			);
			name = Main.storyboard;
			sourceTree = "<group>";
		};
		C8F3D0BC1DD908A800D8E97E /* LaunchScreen.storyboard */ = {
			isa = PBXVariantGroup;
			children = (
				C8F3D0BD1DD908A800D8E97E /* Base */,
			);
			name = LaunchScreen.storyboard;
			sourceTree = "<group>";
		};
/* End PBXVariantGroup section */

/* Begin XCBuildConfiguration section */
		C8F3D0C01DD908A800D8E97E /* Debug */ = {
			isa = XCBuildConfiguration;
			buildSettings = {
				ALWAYS_SEARCH_USER_PATHS = NO;
				CLANG_ANALYZER_NONNULL = YES;
				CLANG_CXX_LANGUAGE_STANDARD = "gnu++0x";
				CLANG_CXX_LIBRARY = "libc++";
				CLANG_ENABLE_MODULES = YES;
				CLANG_ENABLE_OBJC_ARC = YES;
				CLANG_WARN_BOOL_CONVERSION = YES;
				CLANG_WARN_CONSTANT_CONVERSION = YES;
				CLANG_WARN_DIRECT_OBJC_ISA_USAGE = YES_ERROR;
				CLANG_WARN_DOCUMENTATION_COMMENTS = YES;
				CLANG_WARN_EMPTY_BODY = YES;
				CLANG_WARN_ENUM_CONVERSION = YES;
				CLANG_WARN_INFINITE_RECURSION = YES;
				CLANG_WARN_INT_CONVERSION = YES;
				CLANG_WARN_OBJC_ROOT_CLASS = YES_ERROR;
				CLANG_WARN_SUSPICIOUS_MOVE = YES;
				CLANG_WARN_SUSPICIOUS_MOVES = YES;
				CLANG_WARN_UNREACHABLE_CODE = YES;
				CLANG_WARN__DUPLICATE_METHOD_MATCH = YES;
				"CODE_SIGN_IDENTITY[sdk=iphoneos*]" = "iPhone Developer";
				COPY_PHASE_STRIP = NO;
				DEBUG_INFORMATION_FORMAT = dwarf;
				ENABLE_STRICT_OBJC_MSGSEND = YES;
				ENABLE_TESTABILITY = YES;
				GCC_C_LANGUAGE_STANDARD = gnu99;
				GCC_DYNAMIC_NO_PIC = NO;
				GCC_NO_COMMON_BLOCKS = YES;
				GCC_OPTIMIZATION_LEVEL = 0;
				GCC_PREPROCESSOR_DEFINITIONS = (
					"DEBUG=1",
					"$(inherited)",
				);
				GCC_WARN_64_TO_32_BIT_CONVERSION = YES;
				GCC_WARN_ABOUT_RETURN_TYPE = YES_ERROR;
				GCC_WARN_UNDECLARED_SELECTOR = YES;
				GCC_WARN_UNINITIALIZED_AUTOS = YES_AGGRESSIVE;
				GCC_WARN_UNUSED_FUNCTION = YES;
				GCC_WARN_UNUSED_VARIABLE = YES;
				IPHONEOS_DEPLOYMENT_TARGET = 10.0;
				MTL_ENABLE_DEBUG_INFO = YES;
				ONLY_ACTIVE_ARCH = YES;
				SDKROOT = iphoneos;
				SWIFT_ACTIVE_COMPILATION_CONDITIONS = DEBUG;
				SWIFT_OPTIMIZATION_LEVEL = "-Onone";
			};
			name = Debug;
		};
		C8F3D0C11DD908A800D8E97E /* Release */ = {
			isa = XCBuildConfiguration;
			buildSettings = {
				ALWAYS_SEARCH_USER_PATHS = NO;
				CLANG_ANALYZER_NONNULL = YES;
				CLANG_CXX_LANGUAGE_STANDARD = "gnu++0x";
				CLANG_CXX_LIBRARY = "libc++";
				CLANG_ENABLE_MODULES = YES;
				CLANG_ENABLE_OBJC_ARC = YES;
				CLANG_WARN_BOOL_CONVERSION = YES;
				CLANG_WARN_CONSTANT_CONVERSION = YES;
				CLANG_WARN_DIRECT_OBJC_ISA_USAGE = YES_ERROR;
				CLANG_WARN_DOCUMENTATION_COMMENTS = YES;
				CLANG_WARN_EMPTY_BODY = YES;
				CLANG_WARN_ENUM_CONVERSION = YES;
				CLANG_WARN_INFINITE_RECURSION = YES;
				CLANG_WARN_INT_CONVERSION = YES;
				CLANG_WARN_OBJC_ROOT_CLASS = YES_ERROR;
				CLANG_WARN_SUSPICIOUS_MOVE = YES;
				CLANG_WARN_SUSPICIOUS_MOVES = YES;
				CLANG_WARN_UNREACHABLE_CODE = YES;
				CLANG_WARN__DUPLICATE_METHOD_MATCH = YES;
				"CODE_SIGN_IDENTITY[sdk=iphoneos*]" = "iPhone Developer";
				COPY_PHASE_STRIP = NO;
				DEBUG_INFORMATION_FORMAT = "dwarf-with-dsym";
				ENABLE_NS_ASSERTIONS = NO;
				ENABLE_STRICT_OBJC_MSGSEND = YES;
				GCC_C_LANGUAGE_STANDARD = gnu99;
				GCC_NO_COMMON_BLOCKS = YES;
				GCC_WARN_64_TO_32_BIT_CONVERSION = YES;
				GCC_WARN_ABOUT_RETURN_TYPE = YES_ERROR;
				GCC_WARN_UNDECLARED_SELECTOR = YES;
				GCC_WARN_UNINITIALIZED_AUTOS = YES_AGGRESSIVE;
				GCC_WARN_UNUSED_FUNCTION = YES;
				GCC_WARN_UNUSED_VARIABLE = YES;
				IPHONEOS_DEPLOYMENT_TARGET = 10.0;
				MTL_ENABLE_DEBUG_INFO = NO;
				SDKROOT = iphoneos;
				SWIFT_OPTIMIZATION_LEVEL = "-Owholemodule";
				VALIDATE_PRODUCT = YES;
			};
			name = Release;
		};
		C8F3D0C31DD908A800D8E97E /* Debug */ = {
			isa = XCBuildConfiguration;
			buildSettings = {
				ASSETCATALOG_COMPILER_APPICON_NAME = AppIcon;
				DEVELOPMENT_TEAM = DBAJNSTG63;
				INFOPLIST_FILE = naukaTableView/Info.plist;
				LD_RUNPATH_SEARCH_PATHS = "$(inherited) @executable_path/Frameworks";
				PRODUCT_BUNDLE_IDENTIFIER = com.pawelliczmanski.naukaTableView;
				PRODUCT_NAME = "$(TARGET_NAME)";
				SWIFT_VERSION = 3.0;
			};
			name = Debug;
		};
		C8F3D0C41DD908A800D8E97E /* Release */ = {
			isa = XCBuildConfiguration;
			buildSettings = {
				ASSETCATALOG_COMPILER_APPICON_NAME = AppIcon;
				DEVELOPMENT_TEAM = DBAJNSTG63;
				INFOPLIST_FILE = naukaTableView/Info.plist;
				LD_RUNPATH_SEARCH_PATHS = "$(inherited) @executable_path/Frameworks";
				PRODUCT_BUNDLE_IDENTIFIER = com.pawelliczmanski.naukaTableView;
				PRODUCT_NAME = "$(TARGET_NAME)";
				SWIFT_VERSION = 3.0;
			};
			name = Release;
		};
/* End XCBuildConfiguration section */

/* Begin XCConfigurationList section */
		C8F3D0AB1DD908A700D8E97E /* Build configuration list for PBXProject "naukaTableView" */ = {
			isa = XCConfigurationList;
			buildConfigurations = (
				C8F3D0C01DD908A800D8E97E /* Debug */,
				C8F3D0C11DD908A800D8E97E /* Release */,
			);
			defaultConfigurationIsVisible = 0;
			defaultConfigurationName = Release;
		};
		C8F3D0C21DD908A800D8E97E /* Build configuration list for PBXNativeTarget "naukaTableView" */ = {
			isa = XCConfigurationList;
			buildConfigurations = (
				C8F3D0C31DD908A800D8E97E /* Debug */,
				C8F3D0C41DD908A800D8E97E /* Release */,
			);
			defaultConfigurationIsVisible = 0;
			defaultConfigurationName = Release;
		};
/* End XCConfigurationList section */
	};
	rootObject = C8F3D0A81DD908A700D8E97E /* Project object */;
}
